// !$*UTF8*$!
{
	archiveVersion = 1;
	classes = {
	};
	objectVersion = 56;
	objects = {

/* Begin PBXBuildFile section */
		188EC99E2CF75BA800D4F499 /* MeansChatIOsApp.swift in Sources */ = {isa = PBXBuildFile; fileRef = 188EC99D2CF75BA800D4F499 /* MeansChatIOsApp.swift */; };
		188EC9A02CF75BA800D4F499 /* ContentView.swift in Sources */ = {isa = PBXBuildFile; fileRef = 188EC99F2CF75BA800D4F499 /* ContentView.swift */; };
		188EC9A22CF75BAA00D4F499 /* Assets.xcassets in Resources */ = {isa = PBXBuildFile; fileRef = 188EC9A12CF75BAA00D4F499 /* Assets.xcassets */; };
		188EC9A52CF75BAA00D4F499 /* Preview Assets.xcassets in Resources */ = {isa = PBXBuildFile; fileRef = 188EC9A42CF75BAA00D4F499 /* Preview Assets.xcassets */; };
		188EC9AF2CF75BAA00D4F499 /* MeansChatIOsTests.swift in Sources */ = {isa = PBXBuildFile; fileRef = 188EC9AE2CF75BAA00D4F499 /* MeansChatIOsTests.swift */; };
		188EC9B92CF75BAA00D4F499 /* MeansChatIOsUITests.swift in Sources */ = {isa = PBXBuildFile; fileRef = 188EC9B82CF75BAA00D4F499 /* MeansChatIOsUITests.swift */; };
		188EC9BB2CF75BAA00D4F499 /* MeansChatIOsUITestsLaunchTests.swift in Sources */ = {isa = PBXBuildFile; fileRef = 188EC9BA2CF75BAA00D4F499 /* MeansChatIOsUITestsLaunchTests.swift */; };
		188EC9C82CF75C1200D4F499 /* LoginView.swift in Sources */ = {isa = PBXBuildFile; fileRef = 188EC9C72CF75C1200D4F499 /* LoginView.swift */; };
		188EC9CD2CF75C1E00D4F499 /* RegisterView.swift in Sources */ = {isa = PBXBuildFile; fileRef = 188EC9C92CF75C1E00D4F499 /* RegisterView.swift */; };
		188EC9CE2CF75C1E00D4F499 /* ChatMessageView.swift in Sources */ = {isa = PBXBuildFile; fileRef = 188EC9CA2CF75C1E00D4F499 /* ChatMessageView.swift */; };
		188EC9CF2CF75C1E00D4F499 /* ContactView.swift in Sources */ = {isa = PBXBuildFile; fileRef = 188EC9CB2CF75C1E00D4F499 /* ContactView.swift */; };
		188EC9D02CF75C1E00D4F499 /* ConnectionsView.swift in Sources */ = {isa = PBXBuildFile; fileRef = 188EC9CC2CF75C1E00D4F499 /* ConnectionsView.swift */; };
		188EC9DA2CF75C2A00D4F499 /* ConnectionView.swift in Sources */ = {isa = PBXBuildFile; fileRef = 188EC9D12CF75C2A00D4F499 /* ConnectionView.swift */; };
		188EC9DB2CF75C2A00D4F499 /* DividerWithTextView.swift in Sources */ = {isa = PBXBuildFile; fileRef = 188EC9D22CF75C2A00D4F499 /* DividerWithTextView.swift */; };
		188EC9DC2CF75C2A00D4F499 /* NoDataView.swift in Sources */ = {isa = PBXBuildFile; fileRef = 188EC9D32CF75C2A00D4F499 /* NoDataView.swift */; };
		188EC9DD2CF75C2A00D4F499 /* TwoVerticalTextView.swift in Sources */ = {isa = PBXBuildFile; fileRef = 188EC9D42CF75C2A00D4F499 /* TwoVerticalTextView.swift */; };
		188EC9DE2CF75C2A00D4F499 /* LogoView.swift in Sources */ = {isa = PBXBuildFile; fileRef = 188EC9D52CF75C2A00D4F499 /* LogoView.swift */; };
		188EC9DF2CF75C2A00D4F499 /* PlainTextButtonView.swift in Sources */ = {isa = PBXBuildFile; fileRef = 188EC9D62CF75C2A00D4F499 /* PlainTextButtonView.swift */; };
		188EC9E02CF75C2A00D4F499 /* TextFieldWithTitleView.swift in Sources */ = {isa = PBXBuildFile; fileRef = 188EC9D72CF75C2A00D4F499 /* TextFieldWithTitleView.swift */; };
		188EC9E12CF75C2A00D4F499 /* TextWithButtonView.swift in Sources */ = {isa = PBXBuildFile; fileRef = 188EC9D82CF75C2A00D4F499 /* TextWithButtonView.swift */; };
		188EC9E22CF75C2A00D4F499 /* ThemeButtonView.swift in Sources */ = {isa = PBXBuildFile; fileRef = 188EC9D92CF75C2A00D4F499 /* ThemeButtonView.swift */; };
		188EC9E92CF75C7C00D4F499 /* ColorConstants.swift in Sources */ = {isa = PBXBuildFile; fileRef = 188EC9E72CF75C7C00D4F499 /* ColorConstants.swift */; };
		188EC9EA2CF75C7C00D4F499 /* ImageConstant.swift in Sources */ = {isa = PBXBuildFile; fileRef = 188EC9E82CF75C7C00D4F499 /* ImageConstant.swift */; };
		188EC9EE2CF75C9400D4F499 /* LoginViewModel.swift in Sources */ = {isa = PBXBuildFile; fileRef = 188EC9EC2CF75C9400D4F499 /* LoginViewModel.swift */; };
		188EC9EF2CF75C9400D4F499 /* ChatViewModel.swift in Sources */ = {isa = PBXBuildFile; fileRef = 188EC9ED2CF75C9400D4F499 /* ChatViewModel.swift */; };
		188EC9F32CF75D1700D4F499 /* FirebaseAuth in Frameworks */ = {isa = PBXBuildFile; productRef = 188EC9F22CF75D1700D4F499 /* FirebaseAuth */; };
		188EC9F52CF75D1700D4F499 /* FirebaseCore in Frameworks */ = {isa = PBXBuildFile; productRef = 188EC9F42CF75D1700D4F499 /* FirebaseCore */; };
		188EC9F82CF75D8300D4F499 /* GoogleSignIn in Frameworks */ = {isa = PBXBuildFile; productRef = 188EC9F72CF75D8300D4F499 /* GoogleSignIn */; };
		188EC9FA2CF75D8300D4F499 /* GoogleSignInSwift in Frameworks */ = {isa = PBXBuildFile; productRef = 188EC9F92CF75D8300D4F499 /* GoogleSignInSwift */; };
		188EC9FC2CF75DAE00D4F499 /* GoogleService-Info.plist in Resources */ = {isa = PBXBuildFile; fileRef = 188EC9FB2CF75DAE00D4F499 /* GoogleService-Info.plist */; };
		188ECA032CF763DF00D4F499 /* StreamChat in Frameworks */ = {isa = PBXBuildFile; productRef = 188ECA022CF763DF00D4F499 /* StreamChat */; };
		188ECA052CF763DF00D4F499 /* StreamChatUI in Frameworks */ = {isa = PBXBuildFile; productRef = 188ECA042CF763DF00D4F499 /* StreamChatUI */; };
		188ECA072CF76C8C00D4F499 /* GoogleButtonView.swift in Sources */ = {isa = PBXBuildFile; fileRef = 188ECA062CF76C8C00D4F499 /* GoogleButtonView.swift */; };
		18CAFF672CF82C9200E29FF8 /* ContactViewModel.swift in Sources */ = {isa = PBXBuildFile; fileRef = 18CAFF662CF82C9200E29FF8 /* ContactViewModel.swift */; };
		18CAFF6A2CF82D0600E29FF8 /* Contact.swift in Sources */ = {isa = PBXBuildFile; fileRef = 18CAFF692CF82D0600E29FF8 /* Contact.swift */; };
/* End PBXBuildFile section */

/* Begin PBXContainerItemProxy section */
		188EC9AB2CF75BAA00D4F499 /* PBXContainerItemProxy */ = {
			isa = PBXContainerItemProxy;
			containerPortal = 188EC9922CF75BA800D4F499 /* Project object */;
			proxyType = 1;
			remoteGlobalIDString = 188EC9992CF75BA800D4F499;
			remoteInfo = MeansChatIOs;
		};
		188EC9B52CF75BAA00D4F499 /* PBXContainerItemProxy */ = {
			isa = PBXContainerItemProxy;
			containerPortal = 188EC9922CF75BA800D4F499 /* Project object */;
			proxyType = 1;
			remoteGlobalIDString = 188EC9992CF75BA800D4F499;
			remoteInfo = MeansChatIOs;
		};
/* End PBXContainerItemProxy section */

/* Begin PBXFileReference section */
		188EC99A2CF75BA800D4F499 /* MeansChatIOs.app */ = {isa = PBXFileReference; explicitFileType = wrapper.application; includeInIndex = 0; path = MeansChatIOs.app; sourceTree = BUILT_PRODUCTS_DIR; };
		188EC99D2CF75BA800D4F499 /* MeansChatIOsApp.swift */ = {isa = PBXFileReference; lastKnownFileType = sourcecode.swift; path = MeansChatIOsApp.swift; sourceTree = "<group>"; };
		188EC99F2CF75BA800D4F499 /* ContentView.swift */ = {isa = PBXFileReference; lastKnownFileType = sourcecode.swift; path = ContentView.swift; sourceTree = "<group>"; };
		188EC9A12CF75BAA00D4F499 /* Assets.xcassets */ = {isa = PBXFileReference; lastKnownFileType = folder.assetcatalog; path = Assets.xcassets; sourceTree = "<group>"; };
		188EC9A42CF75BAA00D4F499 /* Preview Assets.xcassets */ = {isa = PBXFileReference; lastKnownFileType = folder.assetcatalog; path = "Preview Assets.xcassets"; sourceTree = "<group>"; };
		188EC9AA2CF75BAA00D4F499 /* MeansChatIOsTests.xctest */ = {isa = PBXFileReference; explicitFileType = wrapper.cfbundle; includeInIndex = 0; path = MeansChatIOsTests.xctest; sourceTree = BUILT_PRODUCTS_DIR; };
		188EC9AE2CF75BAA00D4F499 /* MeansChatIOsTests.swift */ = {isa = PBXFileReference; lastKnownFileType = sourcecode.swift; path = MeansChatIOsTests.swift; sourceTree = "<group>"; };
		188EC9B42CF75BAA00D4F499 /* MeansChatIOsUITests.xctest */ = {isa = PBXFileReference; explicitFileType = wrapper.cfbundle; includeInIndex = 0; path = MeansChatIOsUITests.xctest; sourceTree = BUILT_PRODUCTS_DIR; };
		188EC9B82CF75BAA00D4F499 /* MeansChatIOsUITests.swift */ = {isa = PBXFileReference; lastKnownFileType = sourcecode.swift; path = MeansChatIOsUITests.swift; sourceTree = "<group>"; };
		188EC9BA2CF75BAA00D4F499 /* MeansChatIOsUITestsLaunchTests.swift */ = {isa = PBXFileReference; lastKnownFileType = sourcecode.swift; path = MeansChatIOsUITestsLaunchTests.swift; sourceTree = "<group>"; };
		188EC9C72CF75C1200D4F499 /* LoginView.swift */ = {isa = PBXFileReference; fileEncoding = 4; lastKnownFileType = sourcecode.swift; path = LoginView.swift; sourceTree = "<group>"; };
		188EC9C92CF75C1E00D4F499 /* RegisterView.swift */ = {isa = PBXFileReference; fileEncoding = 4; lastKnownFileType = sourcecode.swift; path = RegisterView.swift; sourceTree = "<group>"; };
		188EC9CA2CF75C1E00D4F499 /* ChatMessageView.swift */ = {isa = PBXFileReference; fileEncoding = 4; lastKnownFileType = sourcecode.swift; path = ChatMessageView.swift; sourceTree = "<group>"; };
		188EC9CB2CF75C1E00D4F499 /* ContactView.swift */ = {isa = PBXFileReference; fileEncoding = 4; lastKnownFileType = sourcecode.swift; path = ContactView.swift; sourceTree = "<group>"; };
		188EC9CC2CF75C1E00D4F499 /* ConnectionsView.swift */ = {isa = PBXFileReference; fileEncoding = 4; lastKnownFileType = sourcecode.swift; path = ConnectionsView.swift; sourceTree = "<group>"; };
		188EC9D12CF75C2A00D4F499 /* ConnectionView.swift */ = {isa = PBXFileReference; fileEncoding = 4; lastKnownFileType = sourcecode.swift; path = ConnectionView.swift; sourceTree = "<group>"; };
		188EC9D22CF75C2A00D4F499 /* DividerWithTextView.swift */ = {isa = PBXFileReference; fileEncoding = 4; lastKnownFileType = sourcecode.swift; path = DividerWithTextView.swift; sourceTree = "<group>"; };
		188EC9D32CF75C2A00D4F499 /* NoDataView.swift */ = {isa = PBXFileReference; fileEncoding = 4; lastKnownFileType = sourcecode.swift; path = NoDataView.swift; sourceTree = "<group>"; };
		188EC9D42CF75C2A00D4F499 /* TwoVerticalTextView.swift */ = {isa = PBXFileReference; fileEncoding = 4; lastKnownFileType = sourcecode.swift; path = TwoVerticalTextView.swift; sourceTree = "<group>"; };
		188EC9D52CF75C2A00D4F499 /* LogoView.swift */ = {isa = PBXFileReference; fileEncoding = 4; lastKnownFileType = sourcecode.swift; path = LogoView.swift; sourceTree = "<group>"; };
		188EC9D62CF75C2A00D4F499 /* PlainTextButtonView.swift */ = {isa = PBXFileReference; fileEncoding = 4; lastKnownFileType = sourcecode.swift; path = PlainTextButtonView.swift; sourceTree = "<group>"; };
		188EC9D72CF75C2A00D4F499 /* TextFieldWithTitleView.swift */ = {isa = PBXFileReference; fileEncoding = 4; lastKnownFileType = sourcecode.swift; path = TextFieldWithTitleView.swift; sourceTree = "<group>"; };
		188EC9D82CF75C2A00D4F499 /* TextWithButtonView.swift */ = {isa = PBXFileReference; fileEncoding = 4; lastKnownFileType = sourcecode.swift; path = TextWithButtonView.swift; sourceTree = "<group>"; };
		188EC9D92CF75C2A00D4F499 /* ThemeButtonView.swift */ = {isa = PBXFileReference; fileEncoding = 4; lastKnownFileType = sourcecode.swift; path = ThemeButtonView.swift; sourceTree = "<group>"; };
		188EC9E72CF75C7C00D4F499 /* ColorConstants.swift */ = {isa = PBXFileReference; fileEncoding = 4; lastKnownFileType = sourcecode.swift; path = ColorConstants.swift; sourceTree = "<group>"; };
		188EC9E82CF75C7C00D4F499 /* ImageConstant.swift */ = {isa = PBXFileReference; fileEncoding = 4; lastKnownFileType = sourcecode.swift; path = ImageConstant.swift; sourceTree = "<group>"; };
		188EC9EC2CF75C9400D4F499 /* LoginViewModel.swift */ = {isa = PBXFileReference; fileEncoding = 4; lastKnownFileType = sourcecode.swift; path = LoginViewModel.swift; sourceTree = "<group>"; };
		188EC9ED2CF75C9400D4F499 /* ChatViewModel.swift */ = {isa = PBXFileReference; fileEncoding = 4; lastKnownFileType = sourcecode.swift; path = ChatViewModel.swift; sourceTree = "<group>"; };
		188EC9FB2CF75DAE00D4F499 /* GoogleService-Info.plist */ = {isa = PBXFileReference; fileEncoding = 4; lastKnownFileType = text.plist.xml; path = "GoogleService-Info.plist"; sourceTree = "<group>"; };
		188EC9FD2CF75DC700D4F499 /* Info.plist */ = {isa = PBXFileReference; lastKnownFileType = text.plist; path = Info.plist; sourceTree = "<group>"; };
		188ECA062CF76C8C00D4F499 /* GoogleButtonView.swift */ = {isa = PBXFileReference; lastKnownFileType = sourcecode.swift; path = GoogleButtonView.swift; sourceTree = "<group>"; };
		18CAFF662CF82C9200E29FF8 /* ContactViewModel.swift */ = {isa = PBXFileReference; lastKnownFileType = sourcecode.swift; path = ContactViewModel.swift; sourceTree = "<group>"; };
		18CAFF692CF82D0600E29FF8 /* Contact.swift */ = {isa = PBXFileReference; lastKnownFileType = sourcecode.swift; path = Contact.swift; sourceTree = "<group>"; };
		18CAFF6B2CF85B1700E29FF8 /* FiraCode-Regular.ttf */ = {isa = PBXFileReference; lastKnownFileType = file; path = "FiraCode-Regular.ttf"; sourceTree = "<group>"; };
		18CAFF6C2CF85B1800E29FF8 /* FiraCode-SemiBold.ttf */ = {isa = PBXFileReference; lastKnownFileType = file; path = "FiraCode-SemiBold.ttf"; sourceTree = "<group>"; };
		18CAFF6D2CF85B1800E29FF8 /* FiraCode-Light.ttf */ = {isa = PBXFileReference; lastKnownFileType = file; path = "FiraCode-Light.ttf"; sourceTree = "<group>"; };
		18CAFF6E2CF85B1800E29FF8 /* FiraCode-Medium.ttf */ = {isa = PBXFileReference; lastKnownFileType = file; path = "FiraCode-Medium.ttf"; sourceTree = "<group>"; };
		18CAFF6F2CF85B1800E29FF8 /* FiraCode-Bold.ttf */ = {isa = PBXFileReference; lastKnownFileType = file; path = "FiraCode-Bold.ttf"; sourceTree = "<group>"; };
/* End PBXFileReference section */

/* Begin PBXFrameworksBuildPhase section */
		188EC9972CF75BA800D4F499 /* Frameworks */ = {
			isa = PBXFrameworksBuildPhase;
			buildActionMask = 2147483647;
			files = (
				188ECA052CF763DF00D4F499 /* StreamChatUI in Frameworks */,
				188EC9F52CF75D1700D4F499 /* FirebaseCore in Frameworks */,
				188EC9F32CF75D1700D4F499 /* FirebaseAuth in Frameworks */,
				188ECA032CF763DF00D4F499 /* StreamChat in Frameworks */,
				188EC9F82CF75D8300D4F499 /* GoogleSignIn in Frameworks */,
				188EC9FA2CF75D8300D4F499 /* GoogleSignInSwift in Frameworks */,
			);
			runOnlyForDeploymentPostprocessing = 0;
		};
		188EC9A72CF75BAA00D4F499 /* Frameworks */ = {
			isa = PBXFrameworksBuildPhase;
			buildActionMask = 2147483647;
			files = (
			);
			runOnlyForDeploymentPostprocessing = 0;
		};
		188EC9B12CF75BAA00D4F499 /* Frameworks */ = {
			isa = PBXFrameworksBuildPhase;
			buildActionMask = 2147483647;
			files = (
			);
			runOnlyForDeploymentPostprocessing = 0;
		};
/* End PBXFrameworksBuildPhase section */

/* Begin PBXGroup section */
		188EC9912CF75BA800D4F499 = {
			isa = PBXGroup;
			children = (
				188EC99C2CF75BA800D4F499 /* MeansChatIOs */,
				188EC9AD2CF75BAA00D4F499 /* MeansChatIOsTests */,
				188EC9B72CF75BAA00D4F499 /* MeansChatIOsUITests */,
				188EC99B2CF75BA800D4F499 /* Products */,
			);
			sourceTree = "<group>";
		};
		188EC99B2CF75BA800D4F499 /* Products */ = {
			isa = PBXGroup;
			children = (
				188EC99A2CF75BA800D4F499 /* MeansChatIOs.app */,
				188EC9AA2CF75BAA00D4F499 /* MeansChatIOsTests.xctest */,
				188EC9B42CF75BAA00D4F499 /* MeansChatIOsUITests.xctest */,
			);
			name = Products;
			sourceTree = "<group>";
		};
		188EC99C2CF75BA800D4F499 /* MeansChatIOs */ = {
			isa = PBXGroup;
			children = (
				18CAFF682CF82CF800E29FF8 /* Model */,
				188EC9FD2CF75DC700D4F499 /* Info.plist */,
				188EC9FB2CF75DAE00D4F499 /* GoogleService-Info.plist */,
				188EC9F02CF75C9900D4F499 /* ViewModel */,
				188EC9EB2CF75C8600D4F499 /* Constants */,
				188EC9E42CF75C4200D4F499 /* View */,
				188EC9C72CF75C1200D4F499 /* LoginView.swift */,
				188EC9CA2CF75C1E00D4F499 /* ChatMessageView.swift */,
				188EC9CC2CF75C1E00D4F499 /* ConnectionsView.swift */,
				188EC9CB2CF75C1E00D4F499 /* ContactView.swift */,
				188EC9C92CF75C1E00D4F499 /* RegisterView.swift */,
				188EC99D2CF75BA800D4F499 /* MeansChatIOsApp.swift */,
				188EC99F2CF75BA800D4F499 /* ContentView.swift */,
				18CAFF702CF85B2100E29FF8 /* Fonts */,
				188EC9A12CF75BAA00D4F499 /* Assets.xcassets */,
				188EC9A32CF75BAA00D4F499 /* Preview Content */,
			);
			path = MeansChatIOs;
			sourceTree = "<group>";
		};
		188EC9A32CF75BAA00D4F499 /* Preview Content */ = {
			isa = PBXGroup;
			children = (
				188EC9A42CF75BAA00D4F499 /* Preview Assets.xcassets */,
			);
			path = "Preview Content";
			sourceTree = "<group>";
		};
		188EC9AD2CF75BAA00D4F499 /* MeansChatIOsTests */ = {
			isa = PBXGroup;
			children = (
				188EC9AE2CF75BAA00D4F499 /* MeansChatIOsTests.swift */,
			);
			path = MeansChatIOsTests;
			sourceTree = "<group>";
		};
		188EC9B72CF75BAA00D4F499 /* MeansChatIOsUITests */ = {
			isa = PBXGroup;
			children = (
				188EC9B82CF75BAA00D4F499 /* MeansChatIOsUITests.swift */,
				188EC9BA2CF75BAA00D4F499 /* MeansChatIOsUITestsLaunchTests.swift */,
			);
			path = MeansChatIOsUITests;
			sourceTree = "<group>";
		};
		188EC9E32CF75C3300D4F499 /* Cells */ = {
			isa = PBXGroup;
			children = (
				188EC9D12CF75C2A00D4F499 /* ConnectionView.swift */,
				188EC9D22CF75C2A00D4F499 /* DividerWithTextView.swift */,
				188EC9D52CF75C2A00D4F499 /* LogoView.swift */,
				188EC9D32CF75C2A00D4F499 /* NoDataView.swift */,
				188EC9D62CF75C2A00D4F499 /* PlainTextButtonView.swift */,
				188EC9D72CF75C2A00D4F499 /* TextFieldWithTitleView.swift */,
				188EC9D82CF75C2A00D4F499 /* TextWithButtonView.swift */,
				188EC9D92CF75C2A00D4F499 /* ThemeButtonView.swift */,
				188EC9D42CF75C2A00D4F499 /* TwoVerticalTextView.swift */,
				188ECA062CF76C8C00D4F499 /* GoogleButtonView.swift */,
			);
			path = Cells;
			sourceTree = "<group>";
		};
		188EC9E42CF75C4200D4F499 /* View */ = {
			isa = PBXGroup;
			children = (
				188EC9E32CF75C3300D4F499 /* Cells */,
			);
			path = View;
			sourceTree = "<group>";
		};
		188EC9EB2CF75C8600D4F499 /* Constants */ = {
			isa = PBXGroup;
			children = (
				188EC9E72CF75C7C00D4F499 /* ColorConstants.swift */,
				188EC9E82CF75C7C00D4F499 /* ImageConstant.swift */,
			);
			path = Constants;
			sourceTree = "<group>";
		};
		188EC9F02CF75C9900D4F499 /* ViewModel */ = {
			isa = PBXGroup;
			children = (
				188EC9ED2CF75C9400D4F499 /* ChatViewModel.swift */,
				188EC9EC2CF75C9400D4F499 /* LoginViewModel.swift */,
				18CAFF662CF82C9200E29FF8 /* ContactViewModel.swift */,
			);
			path = ViewModel;
			sourceTree = "<group>";
		};
		18CAFF682CF82CF800E29FF8 /* Model */ = {
			isa = PBXGroup;
			children = (
				18CAFF692CF82D0600E29FF8 /* Contact.swift */,
			);
			path = Model;
			sourceTree = "<group>";
		};
		18CAFF702CF85B2100E29FF8 /* Fonts */ = {
			isa = PBXGroup;
			children = (
				18CAFF6F2CF85B1800E29FF8 /* FiraCode-Bold.ttf */,
				18CAFF6D2CF85B1800E29FF8 /* FiraCode-Light.ttf */,
				18CAFF6E2CF85B1800E29FF8 /* FiraCode-Medium.ttf */,
				18CAFF6B2CF85B1700E29FF8 /* FiraCode-Regular.ttf */,
				18CAFF6C2CF85B1800E29FF8 /* FiraCode-SemiBold.ttf */,
			);
			path = Fonts;
			sourceTree = "<group>";
		};
/* End PBXGroup section */

/* Begin PBXNativeTarget section */
		188EC9992CF75BA800D4F499 /* MeansChatIOs */ = {
			isa = PBXNativeTarget;
			buildConfigurationList = 188EC9BE2CF75BAA00D4F499 /* Build configuration list for PBXNativeTarget "MeansChatIOs" */;
			buildPhases = (
				188EC9962CF75BA800D4F499 /* Sources */,
				188EC9972CF75BA800D4F499 /* Frameworks */,
				188EC9982CF75BA800D4F499 /* Resources */,
			);
			buildRules = (
			);
			dependencies = (
			);
			name = MeansChatIOs;
			packageProductDependencies = (
				188EC9F22CF75D1700D4F499 /* FirebaseAuth */,
				188EC9F42CF75D1700D4F499 /* FirebaseCore */,
				188EC9F72CF75D8300D4F499 /* GoogleSignIn */,
				188EC9F92CF75D8300D4F499 /* GoogleSignInSwift */,
				188ECA022CF763DF00D4F499 /* StreamChat */,
				188ECA042CF763DF00D4F499 /* StreamChatUI */,
			);
			productName = MeansChatIOs;
			productReference = 188EC99A2CF75BA800D4F499 /* MeansChatIOs.app */;
			productType = "com.apple.product-type.application";
		};
		188EC9A92CF75BAA00D4F499 /* MeansChatIOsTests */ = {
			isa = PBXNativeTarget;
			buildConfigurationList = 188EC9C12CF75BAA00D4F499 /* Build configuration list for PBXNativeTarget "MeansChatIOsTests" */;
			buildPhases = (
				188EC9A62CF75BAA00D4F499 /* Sources */,
				188EC9A72CF75BAA00D4F499 /* Frameworks */,
				188EC9A82CF75BAA00D4F499 /* Resources */,
			);
			buildRules = (
			);
			dependencies = (
				188EC9AC2CF75BAA00D4F499 /* PBXTargetDependency */,
			);
			name = MeansChatIOsTests;
			productName = MeansChatIOsTests;
			productReference = 188EC9AA2CF75BAA00D4F499 /* MeansChatIOsTests.xctest */;
			productType = "com.apple.product-type.bundle.unit-test";
		};
		188EC9B32CF75BAA00D4F499 /* MeansChatIOsUITests */ = {
			isa = PBXNativeTarget;
			buildConfigurationList = 188EC9C42CF75BAA00D4F499 /* Build configuration list for PBXNativeTarget "MeansChatIOsUITests" */;
			buildPhases = (
				188EC9B02CF75BAA00D4F499 /* Sources */,
				188EC9B12CF75BAA00D4F499 /* Frameworks */,
				188EC9B22CF75BAA00D4F499 /* Resources */,
			);
			buildRules = (
			);
			dependencies = (
				188EC9B62CF75BAA00D4F499 /* PBXTargetDependency */,
			);
			name = MeansChatIOsUITests;
			productName = MeansChatIOsUITests;
			productReference = 188EC9B42CF75BAA00D4F499 /* MeansChatIOsUITests.xctest */;
			productType = "com.apple.product-type.bundle.ui-testing";
		};
/* End PBXNativeTarget section */

/* Begin PBXProject section */
		188EC9922CF75BA800D4F499 /* Project object */ = {
			isa = PBXProject;
			attributes = {
				BuildIndependentTargetsInParallel = 1;
				LastSwiftUpdateCheck = 1500;
				LastUpgradeCheck = 1500;
				TargetAttributes = {
					188EC9992CF75BA800D4F499 = {
						CreatedOnToolsVersion = 15.0.1;
					};
					188EC9A92CF75BAA00D4F499 = {
						CreatedOnToolsVersion = 15.0.1;
						TestTargetID = 188EC9992CF75BA800D4F499;
					};
					188EC9B32CF75BAA00D4F499 = {
						CreatedOnToolsVersion = 15.0.1;
						TestTargetID = 188EC9992CF75BA800D4F499;
					};
				};
			};
			buildConfigurationList = 188EC9952CF75BA800D4F499 /* Build configuration list for PBXProject "MeansChatIOs" */;
			compatibilityVersion = "Xcode 14.0";
			developmentRegion = en;
			hasScannedForEncodings = 0;
			knownRegions = (
				en,
				Base,
			);
			mainGroup = 188EC9912CF75BA800D4F499;
			packageReferences = (
				188EC9F12CF75D1700D4F499 /* XCRemoteSwiftPackageReference "firebase-ios-sdk" */,
				188EC9F62CF75D8300D4F499 /* XCRemoteSwiftPackageReference "GoogleSignIn-iOS" */,
				188ECA012CF763DF00D4F499 /* XCRemoteSwiftPackageReference "stream-chat-swift" */,
			);
			productRefGroup = 188EC99B2CF75BA800D4F499 /* Products */;
			projectDirPath = "";
			projectRoot = "";
			targets = (
				188EC9992CF75BA800D4F499 /* MeansChatIOs */,
				188EC9A92CF75BAA00D4F499 /* MeansChatIOsTests */,
				188EC9B32CF75BAA00D4F499 /* MeansChatIOsUITests */,
			);
		};
/* End PBXProject section */

/* Begin PBXResourcesBuildPhase section */
		188EC9982CF75BA800D4F499 /* Resources */ = {
			isa = PBXResourcesBuildPhase;
			buildActionMask = 2147483647;
			files = (
				188EC9A52CF75BAA00D4F499 /* Preview Assets.xcassets in Resources */,
				188EC9A22CF75BAA00D4F499 /* Assets.xcassets in Resources */,
				188EC9FC2CF75DAE00D4F499 /* GoogleService-Info.plist in Resources */,
			);
			runOnlyForDeploymentPostprocessing = 0;
		};
		188EC9A82CF75BAA00D4F499 /* Resources */ = {
			isa = PBXResourcesBuildPhase;
			buildActionMask = 2147483647;
			files = (
			);
			runOnlyForDeploymentPostprocessing = 0;
		};
		188EC9B22CF75BAA00D4F499 /* Resources */ = {
			isa = PBXResourcesBuildPhase;
			buildActionMask = 2147483647;
			files = (
			);
			runOnlyForDeploymentPostprocessing = 0;
		};
/* End PBXResourcesBuildPhase section */

/* Begin PBXSourcesBuildPhase section */
		188EC9962CF75BA800D4F499 /* Sources */ = {
			isa = PBXSourcesBuildPhase;
			buildActionMask = 2147483647;
			files = (
				188EC9DF2CF75C2A00D4F499 /* PlainTextButtonView.swift in Sources */,
				18CAFF672CF82C9200E29FF8 /* ContactViewModel.swift in Sources */,
				188EC9CE2CF75C1E00D4F499 /* ChatMessageView.swift in Sources */,
				188EC9E92CF75C7C00D4F499 /* ColorConstants.swift in Sources */,
				18CAFF6A2CF82D0600E29FF8 /* Contact.swift in Sources */,
				188EC9E12CF75C2A00D4F499 /* TextWithButtonView.swift in Sources */,
				188EC9DE2CF75C2A00D4F499 /* LogoView.swift in Sources */,
				188EC9D02CF75C1E00D4F499 /* ConnectionsView.swift in Sources */,
				188EC9DD2CF75C2A00D4F499 /* TwoVerticalTextView.swift in Sources */,
				188EC9DA2CF75C2A00D4F499 /* ConnectionView.swift in Sources */,
				188EC9CF2CF75C1E00D4F499 /* ContactView.swift in Sources */,
				188EC9C82CF75C1200D4F499 /* LoginView.swift in Sources */,
				188EC9DC2CF75C2A00D4F499 /* NoDataView.swift in Sources */,
				188EC9E22CF75C2A00D4F499 /* ThemeButtonView.swift in Sources */,
				188ECA072CF76C8C00D4F499 /* GoogleButtonView.swift in Sources */,
				188EC9DB2CF75C2A00D4F499 /* DividerWithTextView.swift in Sources */,
				188EC9EA2CF75C7C00D4F499 /* ImageConstant.swift in Sources */,
				188EC9CD2CF75C1E00D4F499 /* RegisterView.swift in Sources */,
				188EC9A02CF75BA800D4F499 /* ContentView.swift in Sources */,
				188EC99E2CF75BA800D4F499 /* MeansChatIOsApp.swift in Sources */,
				188EC9EE2CF75C9400D4F499 /* LoginViewModel.swift in Sources */,
				188EC9EF2CF75C9400D4F499 /* ChatViewModel.swift in Sources */,
				188EC9E02CF75C2A00D4F499 /* TextFieldWithTitleView.swift in Sources */,
			);
			runOnlyForDeploymentPostprocessing = 0;
		};
		188EC9A62CF75BAA00D4F499 /* Sources */ = {
			isa = PBXSourcesBuildPhase;
			buildActionMask = 2147483647;
			files = (
				188EC9AF2CF75BAA00D4F499 /* MeansChatIOsTests.swift in Sources */,
			);
			runOnlyForDeploymentPostprocessing = 0;
		};
		188EC9B02CF75BAA00D4F499 /* Sources */ = {
			isa = PBXSourcesBuildPhase;
			buildActionMask = 2147483647;
			files = (
				188EC9B92CF75BAA00D4F499 /* MeansChatIOsUITests.swift in Sources */,
				188EC9BB2CF75BAA00D4F499 /* MeansChatIOsUITestsLaunchTests.swift in Sources */,
			);
			runOnlyForDeploymentPostprocessing = 0;
		};
/* End PBXSourcesBuildPhase section */

/* Begin PBXTargetDependency section */
		188EC9AC2CF75BAA00D4F499 /* PBXTargetDependency */ = {
			isa = PBXTargetDependency;
			target = 188EC9992CF75BA800D4F499 /* MeansChatIOs */;
			targetProxy = 188EC9AB2CF75BAA00D4F499 /* PBXContainerItemProxy */;
		};
		188EC9B62CF75BAA00D4F499 /* PBXTargetDependency */ = {
			isa = PBXTargetDependency;
			target = 188EC9992CF75BA800D4F499 /* MeansChatIOs */;
			targetProxy = 188EC9B52CF75BAA00D4F499 /* PBXContainerItemProxy */;
		};
/* End PBXTargetDependency section */

/* Begin XCBuildConfiguration section */
		188EC9BC2CF75BAA00D4F499 /* Debug */ = {
			isa = XCBuildConfiguration;
			buildSettings = {
				ALWAYS_SEARCH_USER_PATHS = NO;
				ASSETCATALOG_COMPILER_GENERATE_SWIFT_ASSET_SYMBOL_EXTENSIONS = YES;
				CLANG_ANALYZER_NONNULL = YES;
				CLANG_ANALYZER_NUMBER_OBJECT_CONVERSION = YES_AGGRESSIVE;
				CLANG_CXX_LANGUAGE_STANDARD = "gnu++20";
				CLANG_ENABLE_MODULES = YES;
				CLANG_ENABLE_OBJC_ARC = YES;
				CLANG_ENABLE_OBJC_WEAK = YES;
				CLANG_WARN_BLOCK_CAPTURE_AUTORELEASING = YES;
				CLANG_WARN_BOOL_CONVERSION = YES;
				CLANG_WARN_COMMA = YES;
				CLANG_WARN_CONSTANT_CONVERSION = YES;
				CLANG_WARN_DEPRECATED_OBJC_IMPLEMENTATIONS = YES;
				CLANG_WARN_DIRECT_OBJC_ISA_USAGE = YES_ERROR;
				CLANG_WARN_DOCUMENTATION_COMMENTS = YES;
				CLANG_WARN_EMPTY_BODY = YES;
				CLANG_WARN_ENUM_CONVERSION = YES;
				CLANG_WARN_INFINITE_RECURSION = YES;
				CLANG_WARN_INT_CONVERSION = YES;
				CLANG_WARN_NON_LITERAL_NULL_CONVERSION = YES;
				CLANG_WARN_OBJC_IMPLICIT_RETAIN_SELF = YES;
				CLANG_WARN_OBJC_LITERAL_CONVERSION = YES;
				CLANG_WARN_OBJC_ROOT_CLASS = YES_ERROR;
				CLANG_WARN_QUOTED_INCLUDE_IN_FRAMEWORK_HEADER = YES;
				CLANG_WARN_RANGE_LOOP_ANALYSIS = YES;
				CLANG_WARN_STRICT_PROTOTYPES = YES;
				CLANG_WARN_SUSPICIOUS_MOVE = YES;
				CLANG_WARN_UNGUARDED_AVAILABILITY = YES_AGGRESSIVE;
				CLANG_WARN_UNREACHABLE_CODE = YES;
				CLANG_WARN__DUPLICATE_METHOD_MATCH = YES;
				COPY_PHASE_STRIP = NO;
				DEBUG_INFORMATION_FORMAT = dwarf;
				ENABLE_STRICT_OBJC_MSGSEND = YES;
				ENABLE_TESTABILITY = YES;
				ENABLE_USER_SCRIPT_SANDBOXING = YES;
				GCC_C_LANGUAGE_STANDARD = gnu17;
				GCC_DYNAMIC_NO_PIC = NO;
				GCC_NO_COMMON_BLOCKS = YES;
				GCC_OPTIMIZATION_LEVEL = 0;
				GCC_PREPROCESSOR_DEFINITIONS = (
					"DEBUG=1",
					"$(inherited)",
				);
				GCC_WARN_64_TO_32_BIT_CONVERSION = YES;
				GCC_WARN_ABOUT_RETURN_TYPE = YES_ERROR;
				GCC_WARN_UNDECLARED_SELECTOR = YES;
				GCC_WARN_UNINITIALIZED_AUTOS = YES_AGGRESSIVE;
				GCC_WARN_UNUSED_FUNCTION = YES;
				GCC_WARN_UNUSED_VARIABLE = YES;
				IPHONEOS_DEPLOYMENT_TARGET = 17.0;
				LOCALIZATION_PREFERS_STRING_CATALOGS = YES;
				MTL_ENABLE_DEBUG_INFO = INCLUDE_SOURCE;
				MTL_FAST_MATH = YES;
				ONLY_ACTIVE_ARCH = YES;
				SDKROOT = iphoneos;
				SWIFT_ACTIVE_COMPILATION_CONDITIONS = "DEBUG $(inherited)";
				SWIFT_OPTIMIZATION_LEVEL = "-Onone";
			};
			name = Debug;
		};
		188EC9BD2CF75BAA00D4F499 /* Release */ = {
			isa = XCBuildConfiguration;
			buildSettings = {
				ALWAYS_SEARCH_USER_PATHS = NO;
				ASSETCATALOG_COMPILER_GENERATE_SWIFT_ASSET_SYMBOL_EXTENSIONS = YES;
				CLANG_ANALYZER_NONNULL = YES;
				CLANG_ANALYZER_NUMBER_OBJECT_CONVERSION = YES_AGGRESSIVE;
				CLANG_CXX_LANGUAGE_STANDARD = "gnu++20";
				CLANG_ENABLE_MODULES = YES;
				CLANG_ENABLE_OBJC_ARC = YES;
				CLANG_ENABLE_OBJC_WEAK = YES;
				CLANG_WARN_BLOCK_CAPTURE_AUTORELEASING = YES;
				CLANG_WARN_BOOL_CONVERSION = YES;
				CLANG_WARN_COMMA = YES;
				CLANG_WARN_CONSTANT_CONVERSION = YES;
				CLANG_WARN_DEPRECATED_OBJC_IMPLEMENTATIONS = YES;
				CLANG_WARN_DIRECT_OBJC_ISA_USAGE = YES_ERROR;
				CLANG_WARN_DOCUMENTATION_COMMENTS = YES;
				CLANG_WARN_EMPTY_BODY = YES;
				CLANG_WARN_ENUM_CONVERSION = YES;
				CLANG_WARN_INFINITE_RECURSION = YES;
				CLANG_WARN_INT_CONVERSION = YES;
				CLANG_WARN_NON_LITERAL_NULL_CONVERSION = YES;
				CLANG_WARN_OBJC_IMPLICIT_RETAIN_SELF = YES;
				CLANG_WARN_OBJC_LITERAL_CONVERSION = YES;
				CLANG_WARN_OBJC_ROOT_CLASS = YES_ERROR;
				CLANG_WARN_QUOTED_INCLUDE_IN_FRAMEWORK_HEADER = YES;
				CLANG_WARN_RANGE_LOOP_ANALYSIS = YES;
				CLANG_WARN_STRICT_PROTOTYPES = YES;
				CLANG_WARN_SUSPICIOUS_MOVE = YES;
				CLANG_WARN_UNGUARDED_AVAILABILITY = YES_AGGRESSIVE;
				CLANG_WARN_UNREACHABLE_CODE = YES;
				CLANG_WARN__DUPLICATE_METHOD_MATCH = YES;
				COPY_PHASE_STRIP = NO;
				DEBUG_INFORMATION_FORMAT = "dwarf-with-dsym";
				ENABLE_NS_ASSERTIONS = NO;
				ENABLE_STRICT_OBJC_MSGSEND = YES;
				ENABLE_USER_SCRIPT_SANDBOXING = YES;
				GCC_C_LANGUAGE_STANDARD = gnu17;
				GCC_NO_COMMON_BLOCKS = YES;
				GCC_WARN_64_TO_32_BIT_CONVERSION = YES;
				GCC_WARN_ABOUT_RETURN_TYPE = YES_ERROR;
				GCC_WARN_UNDECLARED_SELECTOR = YES;
				GCC_WARN_UNINITIALIZED_AUTOS = YES_AGGRESSIVE;
				GCC_WARN_UNUSED_FUNCTION = YES;
				GCC_WARN_UNUSED_VARIABLE = YES;
				IPHONEOS_DEPLOYMENT_TARGET = 17.0;
				LOCALIZATION_PREFERS_STRING_CATALOGS = YES;
				MTL_ENABLE_DEBUG_INFO = NO;
				MTL_FAST_MATH = YES;
				SDKROOT = iphoneos;
				SWIFT_COMPILATION_MODE = wholemodule;
				VALIDATE_PRODUCT = YES;
			};
			name = Release;
		};
		188EC9BF2CF75BAA00D4F499 /* Debug */ = {
			isa = XCBuildConfiguration;
			buildSettings = {
				ASSETCATALOG_COMPILER_APPICON_NAME = AppIcon;
				ASSETCATALOG_COMPILER_GLOBAL_ACCENT_COLOR_NAME = AccentColor;
				CODE_SIGN_STYLE = Automatic;
				CURRENT_PROJECT_VERSION = 1;
				DEVELOPMENT_ASSET_PATHS = "\"MeansChatIOs/Preview Content\"";
				DEVELOPMENT_TEAM = JHL639983G;
				ENABLE_PREVIEWS = YES;
				GENERATE_INFOPLIST_FILE = YES;
				INFOPLIST_FILE = MeansChatIOs/Info.plist;
				INFOPLIST_KEY_NSContactsUsageDescription = "We need access to your contacts to display them in the app.";
				INFOPLIST_KEY_UIApplicationSceneManifest_Generation = YES;
				INFOPLIST_KEY_UIApplicationSupportsIndirectInputEvents = YES;
				INFOPLIST_KEY_UISupportedInterfaceOrientations_iPad = "UIInterfaceOrientationPortrait UIInterfaceOrientationPortraitUpsideDown UIInterfaceOrientationLandscapeLeft UIInterfaceOrientationLandscapeRight";
				INFOPLIST_KEY_UISupportedInterfaceOrientations_iPhone = "UIInterfaceOrientationPortrait UIInterfaceOrientationLandscapeLeft UIInterfaceOrientationLandscapeRight";
				LD_RUNPATH_SEARCH_PATHS = (
					"$(inherited)",
					"@executable_path/Frameworks",
				);
				MARKETING_VERSION = 1.0;
				OTHER_LDFLAGS = "-ObjC";
				PRODUCT_BUNDLE_IDENTIFIER = shipra.MeansChatIO;
				PRODUCT_NAME = "$(TARGET_NAME)";
				SWIFT_EMIT_LOC_STRINGS = YES;
				SWIFT_VERSION = 5.0;
				TARGETED_DEVICE_FAMILY = "1,2";
			};
			name = Debug;
		};
		188EC9C02CF75BAA00D4F499 /* Release */ = {
			isa = XCBuildConfiguration;
			buildSettings = {
				ASSETCATALOG_COMPILER_APPICON_NAME = AppIcon;
				ASSETCATALOG_COMPILER_GLOBAL_ACCENT_COLOR_NAME = AccentColor;
				CODE_SIGN_STYLE = Automatic;
				CURRENT_PROJECT_VERSION = 1;
				DEVELOPMENT_ASSET_PATHS = "\"MeansChatIOs/Preview Content\"";
				DEVELOPMENT_TEAM = JHL639983G;
				ENABLE_PREVIEWS = YES;
				GENERATE_INFOPLIST_FILE = YES;
				INFOPLIST_FILE = MeansChatIOs/Info.plist;
				INFOPLIST_KEY_NSContactsUsageDescription = "We need access to your contacts to display them in the app.";
				INFOPLIST_KEY_UIApplicationSceneManifest_Generation = YES;
				INFOPLIST_KEY_UIApplicationSupportsIndirectInputEvents = YES;
				INFOPLIST_KEY_UISupportedInterfaceOrientations_iPad = "UIInterfaceOrientationPortrait UIInterfaceOrientationPortraitUpsideDown UIInterfaceOrientationLandscapeLeft UIInterfaceOrientationLandscapeRight";
				INFOPLIST_KEY_UISupportedInterfaceOrientations_iPhone = "UIInterfaceOrientationPortrait UIInterfaceOrientationLandscapeLeft UIInterfaceOrientationLandscapeRight";
				LD_RUNPATH_SEARCH_PATHS = (
					"$(inherited)",
					"@executable_path/Frameworks",
				);
				MARKETING_VERSION = 1.0;
				OTHER_LDFLAGS = "-ObjC";
				PRODUCT_BUNDLE_IDENTIFIER = shipra.MeansChatIO;
				PRODUCT_NAME = "$(TARGET_NAME)";
				SWIFT_EMIT_LOC_STRINGS = YES;
				SWIFT_VERSION = 5.0;
				TARGETED_DEVICE_FAMILY = "1,2";
			};
			name = Release;
		};
		188EC9C22CF75BAA00D4F499 /* Debug */ = {
			isa = XCBuildConfiguration;
			buildSettings = {
				ALWAYS_EMBED_SWIFT_STANDARD_LIBRARIES = YES;
				BUNDLE_LOADER = "$(TEST_HOST)";
				CODE_SIGN_STYLE = Automatic;
				CURRENT_PROJECT_VERSION = 1;
				DEVELOPMENT_TEAM = JHL639983G;
				GENERATE_INFOPLIST_FILE = YES;
				IPHONEOS_DEPLOYMENT_TARGET = 17.0;
				MARKETING_VERSION = 1.0;
				PRODUCT_BUNDLE_IDENTIFIER = shipra.MeansChatIOsTests;
				PRODUCT_NAME = "$(TARGET_NAME)";
				SWIFT_EMIT_LOC_STRINGS = NO;
				SWIFT_VERSION = 5.0;
				TARGETED_DEVICE_FAMILY = "1,2";
				TEST_HOST = "$(BUILT_PRODUCTS_DIR)/MeansChatIOs.app/$(BUNDLE_EXECUTABLE_FOLDER_PATH)/MeansChatIOs";
			};
			name = Debug;
		};
		188EC9C32CF75BAA00D4F499 /* Release */ = {
			isa = XCBuildConfiguration;
			buildSettings = {
				ALWAYS_EMBED_SWIFT_STANDARD_LIBRARIES = YES;
				BUNDLE_LOADER = "$(TEST_HOST)";
				CODE_SIGN_STYLE = Automatic;
				CURRENT_PROJECT_VERSION = 1;
				DEVELOPMENT_TEAM = JHL639983G;
				GENERATE_INFOPLIST_FILE = YES;
				IPHONEOS_DEPLOYMENT_TARGET = 17.0;
				MARKETING_VERSION = 1.0;
				PRODUCT_BUNDLE_IDENTIFIER = shipra.MeansChatIOsTests;
				PRODUCT_NAME = "$(TARGET_NAME)";
				SWIFT_EMIT_LOC_STRINGS = NO;
				SWIFT_VERSION = 5.0;
				TARGETED_DEVICE_FAMILY = "1,2";
				TEST_HOST = "$(BUILT_PRODUCTS_DIR)/MeansChatIOs.app/$(BUNDLE_EXECUTABLE_FOLDER_PATH)/MeansChatIOs";
			};
			name = Release;
		};
		188EC9C52CF75BAA00D4F499 /* Debug */ = {
			isa = XCBuildConfiguration;
			buildSettings = {
				ALWAYS_EMBED_SWIFT_STANDARD_LIBRARIES = YES;
				CODE_SIGN_STYLE = Automatic;
				CURRENT_PROJECT_VERSION = 1;
				DEVELOPMENT_TEAM = JHL639983G;
				GENERATE_INFOPLIST_FILE = YES;
				MARKETING_VERSION = 1.0;
				PRODUCT_BUNDLE_IDENTIFIER = shipra.MeansChatIOsUITests;
				PRODUCT_NAME = "$(TARGET_NAME)";
				SWIFT_EMIT_LOC_STRINGS = NO;
				SWIFT_VERSION = 5.0;
				TARGETED_DEVICE_FAMILY = "1,2";
				TEST_TARGET_NAME = MeansChatIOs;
			};
			name = Debug;
		};
		188EC9C62CF75BAA00D4F499 /* Release */ = {
			isa = XCBuildConfiguration;
			buildSettings = {
				ALWAYS_EMBED_SWIFT_STANDARD_LIBRARIES = YES;
				CODE_SIGN_STYLE = Automatic;
				CURRENT_PROJECT_VERSION = 1;
				DEVELOPMENT_TEAM = JHL639983G;
				GENERATE_INFOPLIST_FILE = YES;
				MARKETING_VERSION = 1.0;
				PRODUCT_BUNDLE_IDENTIFIER = shipra.MeansChatIOsUITests;
				PRODUCT_NAME = "$(TARGET_NAME)";
				SWIFT_EMIT_LOC_STRINGS = NO;
				SWIFT_VERSION = 5.0;
				TARGETED_DEVICE_FAMILY = "1,2";
				TEST_TARGET_NAME = MeansChatIOs;
			};
			name = Release;
		};
/* End XCBuildConfiguration section */

/* Begin XCConfigurationList section */
		188EC9952CF75BA800D4F499 /* Build configuration list for PBXProject "MeansChatIOs" */ = {
			isa = XCConfigurationList;
			buildConfigurations = (
				188EC9BC2CF75BAA00D4F499 /* Debug */,
				188EC9BD2CF75BAA00D4F499 /* Release */,
			);
			defaultConfigurationIsVisible = 0;
			defaultConfigurationName = Release;
		};
		188EC9BE2CF75BAA00D4F499 /* Build configuration list for PBXNativeTarget "MeansChatIOs" */ = {
			isa = XCConfigurationList;
			buildConfigurations = (
				188EC9BF2CF75BAA00D4F499 /* Debug */,
				188EC9C02CF75BAA00D4F499 /* Release */,
			);
			defaultConfigurationIsVisible = 0;
			defaultConfigurationName = Release;
		};
		188EC9C12CF75BAA00D4F499 /* Build configuration list for PBXNativeTarget "MeansChatIOsTests" */ = {
			isa = XCConfigurationList;
			buildConfigurations = (
				188EC9C22CF75BAA00D4F499 /* Debug */,
				188EC9C32CF75BAA00D4F499 /* Release */,
			);
			defaultConfigurationIsVisible = 0;
			defaultConfigurationName = Release;
		};
		188EC9C42CF75BAA00D4F499 /* Build configuration list for PBXNativeTarget "MeansChatIOsUITests" */ = {
			isa = XCConfigurationList;
			buildConfigurations = (
				188EC9C52CF75BAA00D4F499 /* Debug */,
				188EC9C62CF75BAA00D4F499 /* Release */,
			);
			defaultConfigurationIsVisible = 0;
			defaultConfigurationName = Release;
		};
/* End XCConfigurationList section */

/* Begin XCRemoteSwiftPackageReference section */
		188EC9F12CF75D1700D4F499 /* XCRemoteSwiftPackageReference "firebase-ios-sdk" */ = {
			isa = XCRemoteSwiftPackageReference;
			repositoryURL = "https://github.com/firebase/firebase-ios-sdk";
			requirement = {
				kind = upToNextMajorVersion;
				minimumVersion = 11.5.0;
			};
		};
		188EC9F62CF75D8300D4F499 /* XCRemoteSwiftPackageReference "GoogleSignIn-iOS" */ = {
			isa = XCRemoteSwiftPackageReference;
			repositoryURL = "https://github.com/google/GoogleSignIn-iOS";
			requirement = {
				kind = upToNextMajorVersion;
				minimumVersion = 8.0.0;
			};
		};
		188ECA012CF763DF00D4F499 /* XCRemoteSwiftPackageReference "stream-chat-swift" */ = {
			isa = XCRemoteSwiftPackageReference;
			repositoryURL = "https://github.com/GetStream/stream-chat-swift.git";
			requirement = {
				kind = upToNextMajorVersion;
				minimumVersion = 4.67.0;
			};
		};
/* End XCRemoteSwiftPackageReference section */

/* Begin XCSwiftPackageProductDependency section */
		188EC9F22CF75D1700D4F499 /* FirebaseAuth */ = {
			isa = XCSwiftPackageProductDependency;
			package = 188EC9F12CF75D1700D4F499 /* XCRemoteSwiftPackageReference "firebase-ios-sdk" */;
			productName = FirebaseAuth;
		};
		188EC9F42CF75D1700D4F499 /* FirebaseCore */ = {
			isa = XCSwiftPackageProductDependency;
			package = 188EC9F12CF75D1700D4F499 /* XCRemoteSwiftPackageReference "firebase-ios-sdk" */;
			productName = FirebaseCore;
		};
		188EC9F72CF75D8300D4F499 /* GoogleSignIn */ = {
			isa = XCSwiftPackageProductDependency;
			package = 188EC9F62CF75D8300D4F499 /* XCRemoteSwiftPackageReference "GoogleSignIn-iOS" */;
			productName = GoogleSignIn;
		};
		188EC9F92CF75D8300D4F499 /* GoogleSignInSwift */ = {
			isa = XCSwiftPackageProductDependency;
			package = 188EC9F62CF75D8300D4F499 /* XCRemoteSwiftPackageReference "GoogleSignIn-iOS" */;
			productName = GoogleSignInSwift;
		};
		188ECA022CF763DF00D4F499 /* StreamChat */ = {
			isa = XCSwiftPackageProductDependency;
			package = 188ECA012CF763DF00D4F499 /* XCRemoteSwiftPackageReference "stream-chat-swift" */;
			productName = StreamChat;
		};
		188ECA042CF763DF00D4F499 /* StreamChatUI */ = {
			isa = XCSwiftPackageProductDependency;
			package = 188ECA012CF763DF00D4F499 /* XCRemoteSwiftPackageReference "stream-chat-swift" */;
			productName = StreamChatUI;
		};
/* End XCSwiftPackageProductDependency section */
	};
	rootObject = 188EC9922CF75BA800D4F499 /* Project object */;
}
